github.com/chrisfenner/go-tpm-sim v0.0.0-20211022232009-8a050aba42b1 h1:ItDyH/dhCr8ACjJtecogJYeKffL5h3EJxMPKrwi1Wiw=
github.com/chrisfenner/go-tpm-sim v0.0.0-20211022232009-8a050aba42b1/go.mod h1:dXadCRotTz1DvYDxnnoB0+ZWRaFWgkrb/x7fVzvMYJM=
github.com/chrisfenner/tpmdirect v0.0.0-20211024030949-0f99148ac2c5 h1:hisd2z2AdqWad/v1r1WvWvD8o97jc41gVwtQb2qjvt0=
github.com/chrisfenner/tpmdirect v0.0.0-20211024030949-0f99148ac2c5/go.mod h1:dtkxN76zn0ne7gwI2bbXF0yegF/jDVarcKZgfN40Bfw=
github.com/chrisfenner/tpmdirect v0.0.0-20211024123708-630cfa0f256d h1:HToJE8eAFaS/yOCWUpd9e9YqMYBCNiytR9Kd410DKmM=
github.com/chrisfenner/tpmdirect v0.0.0-20211024123708-630cfa0f256d/go.mod h1:dtkxN76zn0ne7gwI2bbXF0yegF/jDVarcKZgfN40Bfw=
github.com/chrisfenner/tpmdirect v0.0.0-20211024125449-12f4f5be2427 h1:qK+CTrOlORPgMfEHHKiiYZn/arFrYpRA2zhCj5HGnJg=
github.com/chrisfenner/tpmdirect v0.0.0-20211024125449-12f4f5be2427/go.mod h1:dtkxN76zn0ne7gwI2bbXF0yegF/jDVarcKZgfN40Bfw=
github.com/chrisfenner/tpmdirect v0.0.0-20211024131258-4b62ebe723b1 h1:uTuG1oGYMeSop3keIhbvQvlUncGGGxZZlL/i3RNi6VY=
github.com/chrisfenner/tpmdirect v0.0.0-20211024131258-4b62ebe723b1/go.mod h1:dtkxN76zn0ne7gwI2bbXF0yegF/jDVarcKZgfN40Bfw=
github.com/chrisfenner/tpmdirect v0.0.0-20211024131455-72c5e18468c3 h1:tRiDV6kaizpLiaBO14pja/dziwPPEennZsgFKYJTywg=
github.com/chrisfenner/tpmdirect v0.0.0-20211024131455-72c5e18468c3/go.mod h1:dtkxN76zn0ne7gwI2bbXF0yegF/jDVarcKZgfN40Bfw=
github.com/chrisfenner/tpmdirect v0.0.0-20211024134742-e9c84276d613 h1:UnbTcr2th2V/FcizEoi+dEBwwyfO5dTiKCH3KjNXczE=
github.com/chrisfenner/tpmdirect v0.0.0-20211024134742-e9c84276d613/go.mod h1:dtkxN76zn0ne7gwI2bbXF0yegF/jDVarcKZgfN40Bfw=
github.com/chrisfenner/tpmdirect v0.0.0-20211024135910-3e7e8737d1c1 h1:ng8Gqk9XvDBhM09OweeXwKznJst5gaeVfpp5omIaPtg=
github.com/chrisfenner/tpmdirect v0.0.0-20211024135910-3e7e8737d1c1/go.mod h1:dtkxN76zn0ne7gwI2bbXF0yegF/jDVarcKZgfN40Bfw=
github.com/chrisfenner/tpmdirect v0.0.0-20211024140016-aab9be1df7a0 h1:eKsdXW0rzxMVlLMbbzuIkSVvCSjvG1+EbUtWhmeYRRI=
github.com/chrisfenner/tpmdirect v0.0.0-20211024140016-aab9be1df7a0/go.mod h1:dtkxN76zn0ne7gwI2bbXF0yegF/jDVarcKZgfN40Bfw=
github.com/chrisfenner/tpmdirect v0.0.0-20211024141706-41839dfb1854 h1:Mrykdmrg54BBhxOoiqQ3PQ40rAeyR/8eHXQ/eoOoJuE=
github.com/chrisfenner/tpmdirect v0.0.0-20211024141706-41839dfb1854/go.mod h1:dtkxN76zn0ne7gwI2bbXF0yegF/jDVarcKZgfN40Bfw=
github.com/google/go-cmp v0.5.6 h1:BKbKCqvP6I+rmFHt06ZmyQtvB8xAkWdhFyr0ZUNZcxQ=
github.com/google/go-cmp v0.5.6/go.mod h1:v8dTdLbMG2kIc/vJvl+f65V22dbkXbowE6jgT/gNBxE=
golang.org/x/xerrors v0.0.0-20191204190536-9bdfabe68543/go.mod h1:I/5z698sn9Ka8TeJc9MKroUUfqBBauWjQqLJ2OPfmY0=
